// !$*UTF8*$!
{
	archiveVersion = 1;
	classes = {
	};
	objectVersion = 56;
	objects = {

/* Begin PBXBuildFile section */
		2593D4392AB4BF440062FDCD /* UsingNSViewRepresentable.swift in Sources */ = {isa = PBXBuildFile; fileRef = 2593D4382AB4BF440062FDCD /* UsingNSViewRepresentable.swift */; };
		2593D43B2AB7815F0062FDCD /* UsingNSItemProvider1.swift in Sources */ = {isa = PBXBuildFile; fileRef = 2593D43A2AB7815E0062FDCD /* UsingNSItemProvider1.swift */; };
		2593D43D2AB782C50062FDCD /* UsingTransferable.swift in Sources */ = {isa = PBXBuildFile; fileRef = 2593D43C2AB782C50062FDCD /* UsingTransferable.swift */; };
		2593D43F2AB7849E0062FDCD /* UsingNSItemProvider2.swift in Sources */ = {isa = PBXBuildFile; fileRef = 2593D43E2AB7849E0062FDCD /* UsingNSItemProvider2.swift */; };
		2593D4412AB7856B0062FDCD /* UsingNSItemProvider3.swift in Sources */ = {isa = PBXBuildFile; fileRef = 2593D4402AB7856B0062FDCD /* UsingNSItemProvider3.swift */; };
		2593D4432AB7F2CC0062FDCD /* UsingImmediately.swift in Sources */ = {isa = PBXBuildFile; fileRef = 2593D4422AB7F2CC0062FDCD /* UsingImmediately.swift */; };
		25B88BA62AB3F42C0089351D /* DragTestApp.swift in Sources */ = {isa = PBXBuildFile; fileRef = 25B88BA52AB3F42C0089351D /* DragTestApp.swift */; };
		25B88BA82AB3F42C0089351D /* ContentView.swift in Sources */ = {isa = PBXBuildFile; fileRef = 25B88BA72AB3F42C0089351D /* ContentView.swift */; };
		25B88BAA2AB3F42E0089351D /* Assets.xcassets in Resources */ = {isa = PBXBuildFile; fileRef = 25B88BA92AB3F42E0089351D /* Assets.xcassets */; };
		25B88BAD2AB3F42E0089351D /* Preview Assets.xcassets in Resources */ = {isa = PBXBuildFile; fileRef = 25B88BAC2AB3F42E0089351D /* Preview Assets.xcassets */; };
/* End PBXBuildFile section */

/* Begin PBXFileReference section */
		2593D4382AB4BF440062FDCD /* UsingNSViewRepresentable.swift */ = {isa = PBXFileReference; lastKnownFileType = sourcecode.swift; path = UsingNSViewRepresentable.swift; sourceTree = "<group>"; };
		2593D43A2AB7815E0062FDCD /* UsingNSItemProvider1.swift */ = {isa = PBXFileReference; lastKnownFileType = sourcecode.swift; path = UsingNSItemProvider1.swift; sourceTree = "<group>"; };
		2593D43C2AB782C50062FDCD /* UsingTransferable.swift */ = {isa = PBXFileReference; lastKnownFileType = sourcecode.swift; path = UsingTransferable.swift; sourceTree = "<group>"; };
		2593D43E2AB7849E0062FDCD /* UsingNSItemProvider2.swift */ = {isa = PBXFileReference; lastKnownFileType = sourcecode.swift; path = UsingNSItemProvider2.swift; sourceTree = "<group>"; };
		2593D4402AB7856B0062FDCD /* UsingNSItemProvider3.swift */ = {isa = PBXFileReference; lastKnownFileType = sourcecode.swift; path = UsingNSItemProvider3.swift; sourceTree = "<group>"; };
		2593D4422AB7F2CC0062FDCD /* UsingImmediately.swift */ = {isa = PBXFileReference; lastKnownFileType = sourcecode.swift; path = UsingImmediately.swift; sourceTree = "<group>"; };
		25B88BA22AB3F42C0089351D /* DragTest.app */ = {isa = PBXFileReference; explicitFileType = wrapper.application; includeInIndex = 0; path = DragTest.app; sourceTree = BUILT_PRODUCTS_DIR; };
		25B88BA52AB3F42C0089351D /* DragTestApp.swift */ = {isa = PBXFileReference; lastKnownFileType = sourcecode.swift; path = DragTestApp.swift; sourceTree = "<group>"; };
		25B88BA72AB3F42C0089351D /* ContentView.swift */ = {isa = PBXFileReference; lastKnownFileType = sourcecode.swift; path = ContentView.swift; sourceTree = "<group>"; };
		25B88BA92AB3F42E0089351D /* Assets.xcassets */ = {isa = PBXFileReference; lastKnownFileType = folder.assetcatalog; path = Assets.xcassets; sourceTree = "<group>"; };
		25B88BAC2AB3F42E0089351D /* Preview Assets.xcassets */ = {isa = PBXFileReference; lastKnownFileType = folder.assetcatalog; path = "Preview Assets.xcassets"; sourceTree = "<group>"; };
		25B88BAE2AB3F42E0089351D /* DragTest.entitlements */ = {isa = PBXFileReference; lastKnownFileType = text.plist.entitlements; path = DragTest.entitlements; sourceTree = "<group>"; };
/* End PBXFileReference section */

/* Begin PBXFrameworksBuildPhase section */
		25B88B9F2AB3F42C0089351D /* Frameworks */ = {
			isa = PBXFrameworksBuildPhase;
			buildActionMask = 2147483647;
			files = (
			);
			runOnlyForDeploymentPostprocessing = 0;
		};
/* End PBXFrameworksBuildPhase section */

/* Begin PBXGroup section */
		25B88B992AB3F42C0089351D = {
			isa = PBXGroup;
			children = (
				25B88BA42AB3F42C0089351D /* DragTest */,
				25B88BA32AB3F42C0089351D /* Products */,
			);
			sourceTree = "<group>";
		};
		25B88BA32AB3F42C0089351D /* Products */ = {
			isa = PBXGroup;
			children = (
				25B88BA22AB3F42C0089351D /* DragTest.app */,
			);
			name = Products;
			sourceTree = "<group>";
		};
		25B88BA42AB3F42C0089351D /* DragTest */ = {
			isa = PBXGroup;
			children = (
				25B88BA52AB3F42C0089351D /* DragTestApp.swift */,
				25B88BA72AB3F42C0089351D /* ContentView.swift */,
				25B88BA92AB3F42E0089351D /* Assets.xcassets */,
				25B88BAE2AB3F42E0089351D /* DragTest.entitlements */,
				25B88BAB2AB3F42E0089351D /* Preview Content */,
				2593D4382AB4BF440062FDCD /* UsingNSViewRepresentable.swift */,
				2593D43C2AB782C50062FDCD /* UsingTransferable.swift */,
				2593D43A2AB7815E0062FDCD /* UsingNSItemProvider1.swift */,
				2593D43E2AB7849E0062FDCD /* UsingNSItemProvider2.swift */,
				2593D4402AB7856B0062FDCD /* UsingNSItemProvider3.swift */,
				2593D4422AB7F2CC0062FDCD /* UsingImmediately.swift */,
			);
			path = DragTest;
			sourceTree = "<group>";
		};
		25B88BAB2AB3F42E0089351D /* Preview Content */ = {
			isa = PBXGroup;
			children = (
				25B88BAC2AB3F42E0089351D /* Preview Assets.xcassets */,
			);
			path = "Preview Content";
			sourceTree = "<group>";
		};
/* End PBXGroup section */

/* Begin PBXNativeTarget section */
		25B88BA12AB3F42C0089351D /* DragTest */ = {
			isa = PBXNativeTarget;
			buildConfigurationList = 25B88BB12AB3F42E0089351D /* Build configuration list for PBXNativeTarget "DragTest" */;
			buildPhases = (
				25B88B9E2AB3F42C0089351D /* Sources */,
				25B88B9F2AB3F42C0089351D /* Frameworks */,
				25B88BA02AB3F42C0089351D /* Resources */,
			);
			buildRules = (
			);
			dependencies = (
			);
			name = DragTest;
			productName = DragTest;
			productReference = 25B88BA22AB3F42C0089351D /* DragTest.app */;
			productType = "com.apple.product-type.application";
		};
/* End PBXNativeTarget section */

/* Begin PBXProject section */
		25B88B9A2AB3F42C0089351D /* Project object */ = {
			isa = PBXProject;
			attributes = {
				BuildIndependentTargetsInParallel = 1;
				LastSwiftUpdateCheck = 1430;
				LastUpgradeCheck = 1430;
				TargetAttributes = {
					25B88BA12AB3F42C0089351D = {
						CreatedOnToolsVersion = 14.3.1;
					};
				};
			};
			buildConfigurationList = 25B88B9D2AB3F42C0089351D /* Build configuration list for PBXProject "DragTest" */;
			compatibilityVersion = "Xcode 14.0";
			developmentRegion = en;
			hasScannedForEncodings = 0;
			knownRegions = (
				en,
				Base,
			);
			mainGroup = 25B88B992AB3F42C0089351D;
			productRefGroup = 25B88BA32AB3F42C0089351D /* Products */;
			projectDirPath = "";
			projectRoot = "";
			targets = (
				25B88BA12AB3F42C0089351D /* DragTest */,
			);
		};
/* End PBXProject section */

/* Begin PBXResourcesBuildPhase section */
		25B88BA02AB3F42C0089351D /* Resources */ = {
			isa = PBXResourcesBuildPhase;
			buildActionMask = 2147483647;
			files = (
				25B88BAD2AB3F42E0089351D /* Preview Assets.xcassets in Resources */,
				25B88BAA2AB3F42E0089351D /* Assets.xcassets in Resources */,
			);
			runOnlyForDeploymentPostprocessing = 0;
		};
/* End PBXResourcesBuildPhase section */

/* Begin PBXSourcesBuildPhase section */
		25B88B9E2AB3F42C0089351D /* Sources */ = {
			isa = PBXSourcesBuildPhase;
			buildActionMask = 2147483647;
			files = (
				2593D43F2AB7849E0062FDCD /* UsingNSItemProvider2.swift in Sources */,
				2593D43D2AB782C50062FDCD /* UsingTransferable.swift in Sources */,
				25B88BA82AB3F42C0089351D /* ContentView.swift in Sources */,
				2593D4432AB7F2CC0062FDCD /* UsingImmediately.swift in Sources */,
				2593D4392AB4BF440062FDCD /* UsingNSViewRepresentable.swift in Sources */,
				25B88BA62AB3F42C0089351D /* DragTestApp.swift in Sources */,
				2593D43B2AB7815F0062FDCD /* UsingNSItemProvider1.swift in Sources */,
				2593D4412AB7856B0062FDCD /* UsingNSItemProvider3.swift in Sources */,
			);
			runOnlyForDeploymentPostprocessing = 0;
		};
/* End PBXSourcesBuildPhase section */

/* Begin XCBuildConfiguration section */
		25B88BAF2AB3F42E0089351D /* Debug */ = {
			isa = XCBuildConfiguration;
			buildSettings = {
				ALWAYS_SEARCH_USER_PATHS = NO;
				CLANG_ANALYZER_NONNULL = YES;
				CLANG_ANALYZER_NUMBER_OBJECT_CONVERSION = YES_AGGRESSIVE;
				CLANG_CXX_LANGUAGE_STANDARD = "gnu++20";
				CLANG_ENABLE_MODULES = YES;
				CLANG_ENABLE_OBJC_ARC = YES;
				CLANG_ENABLE_OBJC_WEAK = YES;
				CLANG_WARN_BLOCK_CAPTURE_AUTORELEASING = YES;
				CLANG_WARN_BOOL_CONVERSION = YES;
				CLANG_WARN_COMMA = YES;
				CLANG_WARN_CONSTANT_CONVERSION = YES;
				CLANG_WARN_DEPRECATED_OBJC_IMPLEMENTATIONS = YES;
				CLANG_WARN_DIRECT_OBJC_ISA_USAGE = YES_ERROR;
				CLANG_WARN_DOCUMENTATION_COMMENTS = YES;
				CLANG_WARN_EMPTY_BODY = YES;
				CLANG_WARN_ENUM_CONVERSION = YES;
				CLANG_WARN_INFINITE_RECURSION = YES;
				CLANG_WARN_INT_CONVERSION = YES;
				CLANG_WARN_NON_LITERAL_NULL_CONVERSION = YES;
				CLANG_WARN_OBJC_IMPLICIT_RETAIN_SELF = YES;
				CLANG_WARN_OBJC_LITERAL_CONVERSION = YES;
				CLANG_WARN_OBJC_ROOT_CLASS = YES_ERROR;
				CLANG_WARN_QUOTED_INCLUDE_IN_FRAMEWORK_HEADER = YES;
				CLANG_WARN_RANGE_LOOP_ANALYSIS = YES;
				CLANG_WARN_STRICT_PROTOTYPES = YES;
				CLANG_WARN_SUSPICIOUS_MOVE = YES;
				CLANG_WARN_UNGUARDED_AVAILABILITY = YES_AGGRESSIVE;
				CLANG_WARN_UNREACHABLE_CODE = YES;
				CLANG_WARN__DUPLICATE_METHOD_MATCH = YES;
				COPY_PHASE_STRIP = NO;
				DEBUG_INFORMATION_FORMAT = dwarf;
				ENABLE_STRICT_OBJC_MSGSEND = YES;
				ENABLE_TESTABILITY = YES;
				GCC_C_LANGUAGE_STANDARD = gnu11;
				GCC_DYNAMIC_NO_PIC = NO;
				GCC_NO_COMMON_BLOCKS = YES;
				GCC_OPTIMIZATION_LEVEL = 0;
				GCC_PREPROCESSOR_DEFINITIONS = (
					"DEBUG=1",
					"$(inherited)",
				);
				GCC_WARN_64_TO_32_BIT_CONVERSION = YES;
				GCC_WARN_ABOUT_RETURN_TYPE = YES_ERROR;
				GCC_WARN_UNDECLARED_SELECTOR = YES;
				GCC_WARN_UNINITIALIZED_AUTOS = YES_AGGRESSIVE;
				GCC_WARN_UNUSED_FUNCTION = YES;
				GCC_WARN_UNUSED_VARIABLE = YES;
				MACOSX_DEPLOYMENT_TARGET = 13.3;
				MTL_ENABLE_DEBUG_INFO = INCLUDE_SOURCE;
				MTL_FAST_MATH = YES;
				ONLY_ACTIVE_ARCH = YES;
				SDKROOT = macosx;
				SWIFT_ACTIVE_COMPILATION_CONDITIONS = DEBUG;
				SWIFT_OPTIMIZATION_LEVEL = "-Onone";
			};
			name = Debug;
		};
		25B88BB02AB3F42E0089351D /* Release */ = {
			isa = XCBuildConfiguration;
			buildSettings = {
				ALWAYS_SEARCH_USER_PATHS = NO;
				CLANG_ANALYZER_NONNULL = YES;
				CLANG_ANALYZER_NUMBER_OBJECT_CONVERSION = YES_AGGRESSIVE;
				CLANG_CXX_LANGUAGE_STANDARD = "gnu++20";
				CLANG_ENABLE_MODULES = YES;
				CLANG_ENABLE_OBJC_ARC = YES;
				CLANG_ENABLE_OBJC_WEAK = YES;
				CLANG_WARN_BLOCK_CAPTURE_AUTORELEASING = YES;
				CLANG_WARN_BOOL_CONVERSION = YES;
				CLANG_WARN_COMMA = YES;
				CLANG_WARN_CONSTANT_CONVERSION = YES;
				CLANG_WARN_DEPRECATED_OBJC_IMPLEMENTATIONS = YES;
				CLANG_WARN_DIRECT_OBJC_ISA_USAGE = YES_ERROR;
				CLANG_WARN_DOCUMENTATION_COMMENTS = YES;
				CLANG_WARN_EMPTY_BODY = YES;
				CLANG_WARN_ENUM_CONVERSION = YES;
				CLANG_WARN_INFINITE_RECURSION = YES;
				CLANG_WARN_INT_CONVERSION = YES;
				CLANG_WARN_NON_LITERAL_NULL_CONVERSION = YES;
				CLANG_WARN_OBJC_IMPLICIT_RETAIN_SELF = YES;
				CLANG_WARN_OBJC_LITERAL_CONVERSION = YES;
				CLANG_WARN_OBJC_ROOT_CLASS = YES_ERROR;
				CLANG_WARN_QUOTED_INCLUDE_IN_FRAMEWORK_HEADER = YES;
				CLANG_WARN_RANGE_LOOP_ANALYSIS = YES;
				CLANG_WARN_STRICT_PROTOTYPES = YES;
				CLANG_WARN_SUSPICIOUS_MOVE = YES;
				CLANG_WARN_UNGUARDED_AVAILABILITY = YES_AGGRESSIVE;
				CLANG_WARN_UNREACHABLE_CODE = YES;
				CLANG_WARN__DUPLICATE_METHOD_MATCH = YES;
				COPY_PHASE_STRIP = NO;
				DEBUG_INFORMATION_FORMAT = "dwarf-with-dsym";
				ENABLE_NS_ASSERTIONS = NO;
				ENABLE_STRICT_OBJC_MSGSEND = YES;
				GCC_C_LANGUAGE_STANDARD = gnu11;
				GCC_NO_COMMON_BLOCKS = YES;
				GCC_WARN_64_TO_32_BIT_CONVERSION = YES;
				GCC_WARN_ABOUT_RETURN_TYPE = YES_ERROR;
				GCC_WARN_UNDECLARED_SELECTOR = YES;
				GCC_WARN_UNINITIALIZED_AUTOS = YES_AGGRESSIVE;
				GCC_WARN_UNUSED_FUNCTION = YES;
				GCC_WARN_UNUSED_VARIABLE = YES;
				MACOSX_DEPLOYMENT_TARGET = 13.3;
				MTL_ENABLE_DEBUG_INFO = NO;
				MTL_FAST_MATH = YES;
				SDKROOT = macosx;
				SWIFT_COMPILATION_MODE = wholemodule;
				SWIFT_OPTIMIZATION_LEVEL = "-O";
			};
			name = Release;
		};
		25B88BB22AB3F42E0089351D /* Debug */ = {
			isa = XCBuildConfiguration;
			buildSettings = {
				ASSETCATALOG_COMPILER_APPICON_NAME = AppIcon;
				ASSETCATALOG_COMPILER_GLOBAL_ACCENT_COLOR_NAME = AccentColor;
				CODE_SIGN_ENTITLEMENTS = DragTest/DragTest.entitlements;
				CODE_SIGN_STYLE = Automatic;
				COMBINE_HIDPI_IMAGES = YES;
				CURRENT_PROJECT_VERSION = 1;
				DEVELOPMENT_ASSET_PATHS = "\"DragTest/Preview Content\"";
				DEVELOPMENT_TEAM = 88W4UN2KJH;
				ENABLE_HARDENED_RUNTIME = YES;
				ENABLE_PREVIEWS = YES;
				ENABLE_USER_SELECTED_FILES = readwrite;
				GENERATE_INFOPLIST_FILE = YES;
				INFOPLIST_KEY_NSHumanReadableCopyright = "";
				LD_RUNPATH_SEARCH_PATHS = (
					"$(inherited)",
					"@executable_path/../Frameworks",
				);
				MARKETING_VERSION = 1.0;
				PRODUCT_BUNDLE_IDENTIFIER = com.sarensx.DragTest;
				PRODUCT_NAME = "$(TARGET_NAME)";
				SWIFT_EMIT_LOC_STRINGS = YES;
				SWIFT_VERSION = 5.0;
			};
			name = Debug;
		};
		25B88BB32AB3F42E0089351D /* Release */ = {
			isa = XCBuildConfiguration;
			buildSettings = {
				ASSETCATALOG_COMPILER_APPICON_NAME = AppIcon;
				ASSETCATALOG_COMPILER_GLOBAL_ACCENT_COLOR_NAME = AccentColor;
				CODE_SIGN_ENTITLEMENTS = DragTest/DragTest.entitlements;
				CODE_SIGN_STYLE = Automatic;
				COMBINE_HIDPI_IMAGES = YES;
				CURRENT_PROJECT_VERSION = 1;
				DEVELOPMENT_ASSET_PATHS = "\"DragTest/Preview Content\"";
				DEVELOPMENT_TEAM = 88W4UN2KJH;
				ENABLE_HARDENED_RUNTIME = YES;
				ENABLE_PREVIEWS = YES;
				ENABLE_USER_SELECTED_FILES = readwrite;
				GENERATE_INFOPLIST_FILE = YES;
				INFOPLIST_KEY_NSHumanReadableCopyright = "";
				LD_RUNPATH_SEARCH_PATHS = (
					"$(inherited)",
					"@executable_path/../Frameworks",
				);
				MARKETING_VERSION = 1.0;
				PRODUCT_BUNDLE_IDENTIFIER = com.sarensx.DragTest;
				PRODUCT_NAME = "$(TARGET_NAME)";
				SWIFT_EMIT_LOC_STRINGS = YES;
				SWIFT_VERSION = 5.0;
			};
			name = Release;
		};
/* End XCBuildConfiguration section */

/* Begin XCConfigurationList section */
		25B88B9D2AB3F42C0089351D /* Build configuration list for PBXProject "DragTest" */ = {
			isa = XCConfigurationList;
			buildConfigurations = (
				25B88BAF2AB3F42E0089351D /* Debug */,
				25B88BB02AB3F42E0089351D /* Release */,
			);
			defaultConfigurationIsVisible = 0;
			defaultConfigurationName = Release;
		};
		25B88BB12AB3F42E0089351D /* Build configuration list for PBXNativeTarget "DragTest" */ = {
			isa = XCConfigurationList;
			buildConfigurations = (
				25B88BB22AB3F42E0089351D /* Debug */,
				25B88BB32AB3F42E0089351D /* Release */,
			);
			defaultConfigurationIsVisible = 0;
			defaultConfigurationName = Release;
		};
/* End XCConfigurationList section */
	};
	rootObject = 25B88B9A2AB3F42C0089351D /* Project object */;
}
